
Microsoft Visual Studio Solution File, Format Version 12.00
# Visual Studio Version 17
VisualStudioVersion = 17.0.31919.166
MinimumVisualStudioVersion = 10.0.40219.1
Project("{FAE04EC0-301F-11D3-BF4B-00C04F79EFBC}") = "ConsoleApp1", "ConsoleApp1\ConsoleApp1.csproj", "{1EAAE7DC-DCCD-4640-915C-F5521F96CE91}"
EndProject
Global
	GlobalSection(SolutionConfigurationPlatforms) = preSolution
		Debug|Any CPU = Debug|Any CPU
		Release|Any CPU = Release|Any CPU
	EndGlobalSection
	GlobalSection(ProjectConfigurationPlatforms) = postSolution
		{1EAAE7DC-DCCD-4640-915C-F5521F96CE91}.Debug|Any CPU.ActiveCfg = Debug|Any CPU
		{1EAAE7DC-DCCD-4640-915C-F5521F96CE91}.Debug|Any CPU.Build.0 = Debug|Any CPU
		{1EAAE7DC-DCCD-4640-915C-F5521F96CE91}.Release|Any CPU.ActiveCfg = Release|Any CPU
		{1EAAE7DC-DCCD-4640-915C-F5521F96CE91}.Release|Any CPU.Build.0 = Release|Any CPU
	EndGlobalSection
	GlobalSection(SolutionProperties) = preSolution
		HideSolutionNode = FALSE
	EndGlobalSection
	GlobalSection(ExtensibilityGlobals) = postSolution
		SolutionGuid = {DC925B07-22B6-42D8-8B9B-C28716D9A6F5}
	EndGlobalSection
EndGlobal
